
Microsoft Visual Studio Solution File, Format Version 12.00
# Visual Studio 15
Project("{FAE04EC0-301F-11D3-BF4B-00C04F79EFBC}") = "Assembly-CSharp", "Assembly-CSharp.csproj", "{30A38FFC-4BE7-F62D-58D2-9B606C7FC9B8}"
EndProject
Project("{FAE04EC0-301F-11D3-BF4B-00C04F79EFBC}") = "Assembly-CSharp-firstpass", "Assembly-CSharp-firstpass.csproj", "{0EB5097F-E393-5B6D-A179-59765AFAFAEA}"
EndProject
Project("{FAE04EC0-301F-11D3-BF4B-00C04F79EFBC}") = "Assembly-CSharp-Editor", "Assembly-CSharp-Editor.csproj", "{0E109F0F-8736-6680-4649-847035F952AB}"
EndProject
Global
	GlobalSection(SolutionConfigurationPlatforms) = preSolution
		Debug|Any CPU = Debug|Any CPU
		Release|Any CPU = Release|Any CPU
	EndGlobalSection
	GlobalSection(ProjectConfigurationPlatforms) = postSolution
		{30A38FFC-4BE7-F62D-58D2-9B606C7FC9B8}.Debug|Any CPU.ActiveCfg = Debug|Any CPU
		{30A38FFC-4BE7-F62D-58D2-9B606C7FC9B8}.Debug|Any CPU.Build.0 = Debug|Any CPU
		{30A38FFC-4BE7-F62D-58D2-9B606C7FC9B8}.Release|Any CPU.ActiveCfg = Release|Any CPU
		{30A38FFC-4BE7-F62D-58D2-9B606C7FC9B8}.Release|Any CPU.Build.0 = Release|Any CPU
		{0EB5097F-E393-5B6D-A179-59765AFAFAEA}.Debug|Any CPU.ActiveCfg = Debug|Any CPU
		{0EB5097F-E393-5B6D-A179-59765AFAFAEA}.Debug|Any CPU.Build.0 = Debug|Any CPU
		{0EB5097F-E393-5B6D-A179-59765AFAFAEA}.Release|Any CPU.ActiveCfg = Release|Any CPU
		{0EB5097F-E393-5B6D-A179-59765AFAFAEA}.Release|Any CPU.Build.0 = Release|Any CPU
		{0E109F0F-8736-6680-4649-847035F952AB}.Debug|Any CPU.ActiveCfg = Debug|Any CPU
		{0E109F0F-8736-6680-4649-847035F952AB}.Debug|Any CPU.Build.0 = Debug|Any CPU
		{0E109F0F-8736-6680-4649-847035F952AB}.Release|Any CPU.ActiveCfg = Release|Any CPU
		{0E109F0F-8736-6680-4649-847035F952AB}.Release|Any CPU.Build.0 = Release|Any CPU
	EndGlobalSection
	GlobalSection(SolutionProperties) = preSolution
		HideSolutionNode = FALSE
	EndGlobalSection
EndGlobal
